{
  "name": "generator-coding",
  "version": "1.0.0",
  "lockfileVersion": 1,
  "requires": true,
  "dependencies": {
    "del": {
      "version": "3.0.0",
      "resolved": "http://registry.npm.alibaba-inc.com/del/download/del-3.0.0.tgz",
      "dev": true,
      "dependencies": {
        "globby": {
          "version": "http://registry.npm.alibaba-inc.com/globby/download/globby-6.1.0.tgz",
          "bundled": true
        },
        "is-path-cwd": {
          "version": "http://registry.npm.alibaba-inc.com/is-path-cwd/download/is-path-cwd-1.0.0.tgz",
          "bundled": true
        },
        "is-path-in-cwd": {
          "version": "http://registry.npm.alibaba-inc.com/is-path-in-cwd/download/is-path-in-cwd-1.0.1.tgz",
          "bundled": true
        },
        "p-map": {
          "version": "http://registry.npm.alibaba-inc.com/p-map/download/p-map-1.2.0.tgz",
          "bundled": true
        },
        "pify": {
          "version": "http://registry.npm.alibaba-inc.com/pify/download/pify-3.0.0.tgz",
          "bundled": true
        },
        "rimraf": {
          "version": "http://registry.npm.alibaba-inc.com/rimraf/download/rimraf-2.6.2.tgz",
          "bundled": true,
          "dependencies": {
            "glob": {
              "version": "http://registry.npm.alibaba-inc.com/glob/download/glob-7.1.2.tgz",
              "dependencies": {
                "fs.realpath": {
                  "version": "http://registry.npm.alibaba-inc.com/fs.realpath/download/fs.realpath-1.0.0.tgz",
                  "bundled": true
                },
                "inflight": {
                  "version": "http://registry.npm.alibaba-inc.com/inflight/download/inflight-1.0.6.tgz",
                  "bundled": true
                },
                "inherits": {
                  "version": "http://registry.npm.alibaba-inc.com/inherits/download/inherits-2.0.3.tgz",
                  "bundled": true
                },
                "minimatch": {
                  "version": "http://registry.npm.alibaba-inc.com/minimatch/download/minimatch-3.0.4.tgz",
                  "bundled": true
                },
                "once": {
                  "version": "http://registry.npm.alibaba-inc.com/once/download/once-1.4.0.tgz",
                  "bundled": true,
                  "dependencies": {
                    "wrappy": {
                      "version": "http://registry.npm.alibaba-inc.com/wrappy/download/wrappy-1.0.2.tgz"
                    }
                  }
                },
                "path-is-absolute": {
                  "version": "http://registry.npm.alibaba-inc.com/path-is-absolute/download/path-is-absolute-1.0.1.tgz",
                  "bundled": true
                }
              }
            }
          }
        }
      }
    },
    "yeoman-generator": {
      "version": "3.1.1",
      "resolved": "http://registry.npm.alibaba-inc.com/yeoman-generator/download/yeoman-generator-3.1.1.tgz",
      "dev": true,
      "dependencies": {
        "async": {
          "version": "http://registry.npm.alibaba-inc.com/async/download/async-2.6.1.tgz",
          "bundled": true
        },
        "chalk": {
          "version": "http://registry.npm.alibaba-inc.com/chalk/download/chalk-2.4.1.tgz",
          "bundled": true
        },
        "cli-table": {
          "version": "http://registry.npm.alibaba-inc.com/cli-table/download/cli-table-0.3.1.tgz",
          "bundled": true
        },
        "cross-spawn": {
          "version": "http://registry.npm.alibaba-inc.com/cross-spawn/download/cross-spawn-6.0.5.tgz",
          "bundled": true,
          "dependencies": {
            "nice-try": {
              "version": "http://registry.npm.alibaba-inc.com/nice-try/download/nice-try-1.0.4.tgz",
              "bundled": true
            },
            "path-key": {
              "version": "http://registry.npm.alibaba-inc.com/path-key/download/path-key-2.0.1.tgz",
              "bundled": true
            },
            "semver": {
              "version": "http://registry.npm.alibaba-inc.com/semver/download/semver-5.5.0.tgz",
              "bundled": true
            },
            "shebang-command": {
              "version": "http://registry.npm.alibaba-inc.com/shebang-command/download/shebang-command-1.2.0.tgz",
              "bundled": true
            },
            "which": {
              "version": "http://registry.npm.alibaba-inc.com/which/download/which-1.3.1.tgz",
              "bundled": true
            }
          }
        },
        "dargs": {
          "version": "http://registry.npm.alibaba-inc.com/dargs/download/dargs-6.0.0.tgz",
          "bundled": true
        },
        "dateformat": {
          "version": "http://registry.npm.alibaba-inc.com/dateformat/download/dateformat-3.0.3.tgz",
          "bundled": true
        },
        "debug": {
          "version": "http://registry.npm.alibaba-inc.com/debug/download/debug-3.1.0.tgz",
          "bundled": true,
          "dependencies": {
            "ms": {
              "version": "http://registry.npm.alibaba-inc.com/ms/download/ms-2.0.0.tgz",
              "bundled": true
            }
          }
        },
        "detect-conflict": {
          "version": "http://registry.npm.alibaba-inc.com/detect-conflict/download/detect-conflict-1.0.1.tgz",
          "bundled": true
        },
        "error": {
          "version": "http://registry.npm.alibaba-inc.com/error/download/error-7.0.2.tgz",
          "bundled": true
        },
        "find-up": {
          "version": "http://registry.npm.alibaba-inc.com/find-up/download/find-up-3.0.0.tgz",
          "bundled": true,
          "dependencies": {
            "locate-path": {
              "version": "http://registry.npm.alibaba-inc.com/locate-path/download/locate-path-3.0.0.tgz",
              "bundled": true
            }
          }
        },
        "github-username": {
          "version": "http://registry.npm.alibaba-inc.com/github-username/download/github-username-4.1.0.tgz",
          "bundled": true
        },
        "istextorbinary": {
          "version": "http://registry.npm.alibaba-inc.com/istextorbinary/download/istextorbinary-2.2.1.tgz",
          "bundled": true
        },
        "lodash": {
          "version": "http://registry.npm.alibaba-inc.com/lodash/download/lodash-4.17.10.tgz",
          "bundled": true
        },
        "make-dir": {
          "version": "http://registry.npm.alibaba-inc.com/make-dir/download/make-dir-1.3.0.tgz",
          "bundled": true
        },
        "mem-fs-editor": {
          "version": "http://registry.npm.alibaba-inc.com/mem-fs-editor/download/mem-fs-editor-5.1.0.tgz",
          "bundled": true,
          "dependencies": {
            "commondir": {
              "version": "http://registry.npm.alibaba-inc.com/commondir/download/commondir-1.0.1.tgz"
            },
            "deep-extend": {
              "version": "http://registry.npm.alibaba-inc.com/deep-extend/download/deep-extend-0.6.0.tgz"
            },
            "ejs": {
              "version": "http://registry.npm.alibaba-inc.com/ejs/download/ejs-2.6.1.tgz"
            },
            "glob": {
              "version": "http://registry.npm.alibaba-inc.com/glob/download/glob-7.1.2.tgz",
              "dependencies": {
                "fs.realpath": {
                  "version": "http://registry.npm.alibaba-inc.com/fs.realpath/download/fs.realpath-1.0.0.tgz",
                  "bundled": true
                },
                "inflight": {
                  "version": "http://registry.npm.alibaba-inc.com/inflight/download/inflight-1.0.6.tgz",
                  "bundled": true
                },
                "inherits": {
                  "version": "http://registry.npm.alibaba-inc.com/inherits/download/inherits-2.0.3.tgz",
                  "bundled": true
                },
                "minimatch": {
                  "version": "http://registry.npm.alibaba-inc.com/minimatch/download/minimatch-3.0.4.tgz",
                  "bundled": true
                },
                "once": {
                  "version": "http://registry.npm.alibaba-inc.com/once/download/once-1.4.0.tgz",
                  "bundled": true,
                  "dependencies": {}
                },
                "path-is-absolute": {
                  "version": "http://registry.npm.alibaba-inc.com/path-is-absolute/download/path-is-absolute-1.0.1.tgz",
                  "bundled": true
                }
              }
            },
            "globby": {
              "version": "http://registry.npm.alibaba-inc.com/globby/download/globby-8.0.1.tgz",
              "dependencies": {
                "array-union": {
                  "version": "http://registry.npm.alibaba-inc.com/array-union/download/array-union-1.0.2.tgz",
                  "bundled": true
                },
                "dir-glob": {
                  "version": "http://registry.npm.alibaba-inc.com/dir-glob/download/dir-glob-2.0.0.tgz",
                  "bundled": true
                },
                "fast-glob": {
                  "version": "http://registry.npm.alibaba-inc.com/fast-glob/download/fast-glob-2.2.2.tgz",
                  "bundled": true,
                  "dependencies": {
                    "@mrmlnc/readdir-enhanced": {
                      "version": "http://registry.npm.alibaba-inc.com/@mrmlnc/readdir-enhanced/download/@mrmlnc/readdir-enhanced-2.2.1.tgz",
                      "dependencies": {
                        "call-me-maybe": {
                          "version": "http://registry.npm.alibaba-inc.com/call-me-maybe/download/call-me-maybe-1.0.1.tgz",
                          "bundled": true
                        },
                        "glob-to-regexp": {
                          "version": "http://registry.npm.alibaba-inc.com/glob-to-regexp/download/glob-to-regexp-0.3.0.tgz",
                          "bundled": true
                        }
                      }
                    },
                    "@nodelib/fs.stat": {
                      "version": "http://registry.npm.alibaba-inc.com/@nodelib/fs.stat/download/@nodelib/fs.stat-1.1.0.tgz"
                    },
                    "glob-parent": {
                      "version": "http://registry.npm.alibaba-inc.com/glob-parent/download/glob-parent-3.1.0.tgz"
                    },
                    "is-glob": {
                      "version": "http://registry.npm.alibaba-inc.com/is-glob/download/is-glob-4.0.0.tgz"
                    },
                    "merge2": {
                      "version": "http://registry.npm.alibaba-inc.com/merge2/download/merge2-1.2.2.tgz"
                    },
                    "micromatch": {
                      "version": "http://registry.npm.alibaba-inc.com/micromatch/download/micromatch-3.1.10.tgz"
                    }
                  }
                },
                "glob": {
                  "version": "http://registry.npm.alibaba-inc.com/glob/download/glob-7.1.2.tgz",
                  "bundled": true,
                  "dependencies": {
                    "fs.realpath": {
                      "version": "http://registry.npm.alibaba-inc.com/fs.realpath/download/fs.realpath-1.0.0.tgz",
                      "bundled": true
                    },
                    "inflight": {
                      "version": "http://registry.npm.alibaba-inc.com/inflight/download/inflight-1.0.6.tgz",
                      "bundled": true
                    },
                    "inherits": {
                      "version": "http://registry.npm.alibaba-inc.com/inherits/download/inherits-2.0.3.tgz",
                      "bundled": true
                    },
                    "minimatch": {
                      "version": "http://registry.npm.alibaba-inc.com/minimatch/download/minimatch-3.0.4.tgz",
                      "bundled": true
                    },
                    "once": {
                      "version": "http://registry.npm.alibaba-inc.com/once/download/once-1.4.0.tgz",
                      "bundled": true,
                      "dependencies": {}
                    },
                    "path-is-absolute": {
                      "version": "http://registry.npm.alibaba-inc.com/path-is-absolute/download/path-is-absolute-1.0.1.tgz",
                      "bundled": true
                    }
                  }
                },
                "ignore": {
                  "version": "http://registry.npm.alibaba-inc.com/ignore/download/ignore-3.3.10.tgz",
                  "bundled": true
                },
                "pify": {
                  "version": "http://registry.npm.alibaba-inc.com/pify/download/pify-3.0.0.tgz",
                  "bundled": true
                },
                "slash": {
                  "version": "http://registry.npm.alibaba-inc.com/slash/download/slash-1.0.0.tgz",
                  "bundled": true
                }
              }
            },
            "isbinaryfile": {
              "version": "http://registry.npm.alibaba-inc.com/isbinaryfile/download/isbinaryfile-3.0.3.tgz"
            },
            "mkdirp": {
              "version": "http://registry.npm.alibaba-inc.com/mkdirp/download/mkdirp-0.5.1.tgz"
            },
            "multimatch": {
              "version": "http://registry.npm.alibaba-inc.com/multimatch/download/multimatch-2.1.0.tgz"
            },
            "rimraf": {
              "version": "http://registry.npm.alibaba-inc.com/rimraf/download/rimraf-2.6.2.tgz",
              "dependencies": {
                "glob": {
                  "version": "http://registry.npm.alibaba-inc.com/glob/download/glob-7.1.2.tgz",
                  "dependencies": {}
                }
              }
            },
            "through2": {
              "version": "http://registry.npm.alibaba-inc.com/through2/download/through2-2.0.3.tgz",
              "dependencies": {
                "readable-stream": {
                  "version": "http://registry.npm.alibaba-inc.com/readable-stream/download/readable-stream-2.3.6.tgz",
                  "bundled": true
                },
                "xtend": {
                  "version": "http://registry.npm.alibaba-inc.com/xtend/download/xtend-4.0.1.tgz",
                  "bundled": true
                }
              }
            },
            "vinyl": {
              "version": "http://registry.npm.alibaba-inc.com/vinyl/download/vinyl-2.2.0.tgz"
            }
          }
        },
        "minimist": {
          "version": "http://registry.npm.alibaba-inc.com/minimist/download/minimist-1.2.0.tgz",
          "bundled": true
        },
        "pretty-bytes": {
          "version": "http://registry.npm.alibaba-inc.com/pretty-bytes/download/pretty-bytes-5.1.0.tgz",
          "bundled": true
        },
        "read-chunk": {
          "version": "http://registry.npm.alibaba-inc.com/read-chunk/download/read-chunk-2.1.0.tgz",
          "bundled": true
        },
        "read-pkg-up": {
          "version": "http://registry.npm.alibaba-inc.com/read-pkg-up/download/read-pkg-up-4.0.0.tgz",
          "bundled": true,
          "dependencies": {
            "find-up": {
              "version": "http://registry.npm.alibaba-inc.com/find-up/download/find-up-3.0.0.tgz",
              "bundled": true
            },
            "read-pkg": {
              "version": "http://registry.npm.alibaba-inc.com/read-pkg/download/read-pkg-3.0.0.tgz",
              "bundled": true,
              "dependencies": {
                "load-json-file": {
                  "version": "http://registry.npm.alibaba-inc.com/load-json-file/download/load-json-file-4.0.0.tgz",
                  "bundled": true
                },
                "normalize-package-data": {
                  "version": "http://registry.npm.alibaba-inc.com/normalize-package-data/download/normalize-package-data-2.4.0.tgz",
                  "bundled": true
                },
                "path-type": {
                  "version": "http://registry.npm.alibaba-inc.com/path-type/download/path-type-3.0.0.tgz",
                  "bundled": true,
                  "dependencies": {
                    "pify": {
                      "version": "http://registry.npm.alibaba-inc.com/pify/download/pify-3.0.0.tgz",
                      "bundled": true
                    }
                  }
                }
              }
            }
          }
        },
        "rimraf": {
          "version": "http://registry.npm.alibaba-inc.com/rimraf/download/rimraf-2.6.2.tgz",
          "bundled": true,
          "dependencies": {
            "glob": {
              "version": "http://registry.npm.alibaba-inc.com/glob/download/glob-7.1.2.tgz",
              "dependencies": {}
            }
          }
        },
        "run-async": {
          "version": "http://registry.npm.alibaba-inc.com/run-async/download/run-async-2.3.0.tgz",
          "bundled": true,
          "dependencies": {
            "is-promise": {
              "version": "http://registry.npm.alibaba-inc.com/is-promise/download/is-promise-2.1.0.tgz",
              "bundled": true
            }
          }
        },
        "shelljs": {
          "version": "http://registry.npm.alibaba-inc.com/shelljs/download/shelljs-0.8.2.tgz",
          "bundled": true
        },
        "text-table": {
          "version": "http://registry.npm.alibaba-inc.com/text-table/download/text-table-0.2.0.tgz",
          "bundled": true
        },
        "through2": {
          "version": "http://registry.npm.alibaba-inc.com/through2/download/through2-2.0.3.tgz",
          "bundled": true,
          "dependencies": {
            "readable-stream": {
              "version": "http://registry.npm.alibaba-inc.com/readable-stream/download/readable-stream-2.3.6.tgz",
              "bundled": true
            },
            "xtend": {
              "version": "http://registry.npm.alibaba-inc.com/xtend/download/xtend-4.0.1.tgz",
              "bundled": true
            }
          }
        },
        "yeoman-environment": {
          "version": "http://registry.npm.alibaba-inc.com/yeoman-environment/download/yeoman-environment-2.3.1.tgz",
          "bundled": true,
          "dependencies": {
            "chalk": {
              "version": "http://registry.npm.alibaba-inc.com/chalk/download/chalk-2.4.1.tgz",
              "bundled": true,
              "dependencies": {
                "ansi-styles": {
                  "version": "http://registry.npm.alibaba-inc.com/ansi-styles/download/ansi-styles-3.2.1.tgz"
                },
                "escape-string-regexp": {
                  "version": "http://registry.npm.alibaba-inc.com/escape-string-regexp/download/escape-string-regexp-1.0.5.tgz"
                },
                "supports-color": {
                  "version": "http://registry.npm.alibaba-inc.com/supports-color/download/supports-color-5.4.0.tgz"
                }
              }
            },
            "cross-spawn": {
              "version": "http://registry.npm.alibaba-inc.com/cross-spawn/download/cross-spawn-6.0.5.tgz",
              "bundled": true
            },
            "debug": {
              "version": "http://registry.npm.alibaba-inc.com/debug/download/debug-3.1.0.tgz",
              "bundled": true
            },
            "diff": {
              "version": "http://registry.npm.alibaba-inc.com/diff/download/diff-3.5.0.tgz",
              "bundled": true
            },
            "escape-string-regexp": {
              "version": "http://registry.npm.alibaba-inc.com/escape-string-regexp/download/escape-string-regexp-1.0.5.tgz",
              "bundled": true
            },
            "globby": {
              "version": "http://registry.npm.alibaba-inc.com/globby/download/globby-8.0.1.tgz",
              "bundled": true,
              "dependencies": {
                "array-union": {
                  "version": "http://registry.npm.alibaba-inc.com/array-union/download/array-union-1.0.2.tgz",
                  "bundled": true
                },
                "dir-glob": {
                  "version": "http://registry.npm.alibaba-inc.com/dir-glob/download/dir-glob-2.0.0.tgz",
                  "bundled": true
                },
                "fast-glob": {
                  "version": "http://registry.npm.alibaba-inc.com/fast-glob/download/fast-glob-2.2.2.tgz",
                  "bundled": true,
                  "dependencies": {}
                },
                "glob": {
                  "version": "http://registry.npm.alibaba-inc.com/glob/download/glob-7.1.2.tgz",
                  "bundled": true,
                  "dependencies": {}
                },
                "ignore": {
                  "version": "http://registry.npm.alibaba-inc.com/ignore/download/ignore-3.3.10.tgz",
                  "bundled": true
                },
                "pify": {
                  "version": "http://registry.npm.alibaba-inc.com/pify/download/pify-3.0.0.tgz",
                  "bundled": true
                },
                "slash": {
                  "version": "http://registry.npm.alibaba-inc.com/slash/download/slash-1.0.0.tgz",
                  "bundled": true
                }
              }
            },
            "grouped-queue": {
              "version": "http://registry.npm.alibaba-inc.com/grouped-queue/download/grouped-queue-0.3.3.tgz",
              "bundled": true
            },
            "inquirer": {
              "version": "http://registry.npm.alibaba-inc.com/inquirer/download/inquirer-5.2.0.tgz",
              "bundled": true,
              "dependencies": {
                "ansi-escapes": {
                  "version": "http://registry.npm.alibaba-inc.com/ansi-escapes/download/ansi-escapes-3.1.0.tgz"
                },
                "chalk": {
                  "version": "http://registry.npm.alibaba-inc.com/chalk/download/chalk-2.4.1.tgz",
                  "dependencies": {
                    "ansi-styles": {
                      "version": "http://registry.npm.alibaba-inc.com/ansi-styles/download/ansi-styles-3.2.1.tgz"
                    },
                    "escape-string-regexp": {
                      "version": "http://registry.npm.alibaba-inc.com/escape-string-regexp/download/escape-string-regexp-1.0.5.tgz"
                    },
                    "supports-color": {
                      "version": "http://registry.npm.alibaba-inc.com/supports-color/download/supports-color-5.4.0.tgz"
                    }
                  }
                },
                "cli-cursor": {
                  "version": "http://registry.npm.alibaba-inc.com/cli-cursor/download/cli-cursor-2.1.0.tgz"
                },
                "cli-width": {
                  "version": "http://registry.npm.alibaba-inc.com/cli-width/download/cli-width-2.2.0.tgz"
                },
                "external-editor": {
                  "version": "http://registry.npm.alibaba-inc.com/external-editor/download/external-editor-2.2.0.tgz"
                },
                "figures": {
                  "version": "http://registry.npm.alibaba-inc.com/figures/download/figures-2.0.0.tgz"
                },
                "lodash": {
                  "version": "http://registry.npm.alibaba-inc.com/lodash/download/lodash-4.17.10.tgz"
                },
                "mute-stream": {
                  "version": "http://registry.npm.alibaba-inc.com/mute-stream/download/mute-stream-0.0.7.tgz"
                },
                "run-async": {
                  "version": "http://registry.npm.alibaba-inc.com/run-async/download/run-async-2.3.0.tgz"
                },
                "rxjs": {
                  "version": "http://registry.npm.alibaba-inc.com/rxjs/download/rxjs-5.5.11.tgz"
                },
                "string-width": {
                  "version": "http://registry.npm.alibaba-inc.com/string-width/download/string-width-2.1.1.tgz"
                },
                "strip-ansi": {
                  "version": "http://registry.npm.alibaba-inc.com/strip-ansi/download/strip-ansi-4.0.0.tgz",
                  "dependencies": {
                    "ansi-regex": {
                      "version": "http://registry.npm.alibaba-inc.com/ansi-regex/download/ansi-regex-3.0.0.tgz",
                      "bundled": true
                    }
                  }
                },
                "through": {
                  "version": "http://registry.npm.alibaba-inc.com/through/download/through-2.3.8.tgz"
                }
              }
            },
            "is-scoped": {
              "version": "http://registry.npm.alibaba-inc.com/is-scoped/download/is-scoped-1.0.0.tgz",
              "bundled": true
            },
            "lodash": {
              "version": "http://registry.npm.alibaba-inc.com/lodash/download/lodash-4.17.10.tgz",
              "bundled": true
            },
            "log-symbols": {
              "version": "http://registry.npm.alibaba-inc.com/log-symbols/download/log-symbols-2.2.0.tgz",
              "bundled": true
            },
            "mem-fs": {
              "version": "http://registry.npm.alibaba-inc.com/mem-fs/download/mem-fs-1.1.3.tgz",
              "bundled": true
            },
            "strip-ansi": {
              "version": "http://registry.npm.alibaba-inc.com/strip-ansi/download/strip-ansi-4.0.0.tgz",
              "bundled": true,
              "dependencies": {
                "ansi-regex": {
                  "version": "http://registry.npm.alibaba-inc.com/ansi-regex/download/ansi-regex-3.0.0.tgz",
                  "bundled": true
                }
              }
            },
            "text-table": {
              "version": "http://registry.npm.alibaba-inc.com/text-table/download/text-table-0.2.0.tgz",
              "bundled": true
            },
            "untildify": {
              "version": "http://registry.npm.alibaba-inc.com/untildify/download/untildify-3.0.3.tgz",
              "bundled": true
            }
          }
        }
      }
    }
  }
}
